{
  "name": "tech-branding-logo",
  "version": "1.0.0",
  "lockfileVersion": 3,
  "requires": true,
  "packages": {
    "": {
      "name": "tech-branding-logo",
      "version": "1.0.0",
      "license": "MIT",
      "bin": {
        "tech-branding-logo": "bin/tech-branding-logo.js"
      },
      "engines": {
        "node": ">=18"
      }
    }
  }
}
